
Microsoft Visual Studio Solution File, Format Version 12.00
# Visual Studio 14
VisualStudioVersion = 14.0.25420.1
MinimumVisualStudioVersion = 10.0.40219.1
Project("{FAE04EC0-301F-11D3-BF4B-00C04F79EFBC}") = "ComperasionExpression", "ComperasionExpression\ComperasionExpression.csproj", "{22A82DF6-99EE-4575-9E47-1FD81F26D3CC}"
EndProject
Global
	GlobalSection(SolutionConfigurationPlatforms) = preSolution
		Debug|Any CPU = Debug|Any CPU
		Release|Any CPU = Release|Any CPU
	EndGlobalSection
	GlobalSection(ProjectConfigurationPlatforms) = postSolution
		{22A82DF6-99EE-4575-9E47-1FD81F26D3CC}.Debug|Any CPU.ActiveCfg = Debug|Any CPU
		{22A82DF6-99EE-4575-9E47-1FD81F26D3CC}.Debug|Any CPU.Build.0 = Debug|Any CPU
		{22A82DF6-99EE-4575-9E47-1FD81F26D3CC}.Release|Any CPU.ActiveCfg = Release|Any CPU
		{22A82DF6-99EE-4575-9E47-1FD81F26D3CC}.Release|Any CPU.Build.0 = Release|Any CPU
	EndGlobalSection
	GlobalSection(SolutionProperties) = preSolution
		HideSolutionNode = FALSE
	EndGlobalSection
EndGlobal
